
Microsoft Visual Studio Solution File, Format Version 11.00
# Visual Studio 2010
Project("{FAE04EC0-301F-11D3-BF4B-00C04F79EFBC}") = "Simple Messanging Client", "Simple Messanging Client\Simple Messanging Client.csproj", "{FCB8F3AD-68C8-4F2A-A076-E9E81CAD963D}"
EndProject
Global
	GlobalSection(SolutionConfigurationPlatforms) = preSolution
		Debug|x86 = Debug|x86
		Release|x86 = Release|x86
	EndGlobalSection
	GlobalSection(ProjectConfigurationPlatforms) = postSolution
		{FCB8F3AD-68C8-4F2A-A076-E9E81CAD963D}.Debug|x86.ActiveCfg = Debug|x86
		{FCB8F3AD-68C8-4F2A-A076-E9E81CAD963D}.Debug|x86.Build.0 = Debug|x86
		{FCB8F3AD-68C8-4F2A-A076-E9E81CAD963D}.Release|x86.ActiveCfg = Release|x86
		{FCB8F3AD-68C8-4F2A-A076-E9E81CAD963D}.Release|x86.Build.0 = Release|x86
	EndGlobalSection
	GlobalSection(SolutionProperties) = preSolution
		HideSolutionNode = FALSE
	EndGlobalSection
EndGlobal
